
Microsoft Visual Studio Solution File, Format Version 12.00
# Visual Studio Version 17
VisualStudioVersion = 17.3.32901.215
MinimumVisualStudioVersion = 10.0.40219.1
Project("{FAE04EC0-301F-11D3-BF4B-00C04F79EFBC}") = "Client", "Client\Client.csproj", "{94617384-01A0-420A-BF73-10E6995DA3DF}"
EndProject
Global
	GlobalSection(SolutionConfigurationPlatforms) = preSolution
		Debug|Any CPU = Debug|Any CPU
		Release|Any CPU = Release|Any CPU
	EndGlobalSection
	GlobalSection(ProjectConfigurationPlatforms) = postSolution
		{94617384-01A0-420A-BF73-10E6995DA3DF}.Debug|Any CPU.ActiveCfg = Debug|Any CPU
		{94617384-01A0-420A-BF73-10E6995DA3DF}.Debug|Any CPU.Build.0 = Debug|Any CPU
		{94617384-01A0-420A-BF73-10E6995DA3DF}.Release|Any CPU.ActiveCfg = Release|Any CPU
		{94617384-01A0-420A-BF73-10E6995DA3DF}.Release|Any CPU.Build.0 = Release|Any CPU
	EndGlobalSection
	GlobalSection(SolutionProperties) = preSolution
		HideSolutionNode = FALSE
	EndGlobalSection
	GlobalSection(ExtensibilityGlobals) = postSolution
		SolutionGuid = {E01FFE6D-6232-4BBD-BAC8-BA9B553B869A}
	EndGlobalSection
EndGlobal
